// !$*UTF8*$!
{
	archiveVersion = 1;
	classes = {
	};
	objectVersion = 48;
	objects = {

/* Begin PBXBuildFile section */
		469FAA11201CF9C10068F903 /* AppDelegate.swift in Sources */ = {isa = PBXBuildFile; fileRef = 469FAA10201CF9C10068F903 /* AppDelegate.swift */; };
		469FAA13201CF9C10068F903 /* ViewController.swift in Sources */ = {isa = PBXBuildFile; fileRef = 469FAA12201CF9C10068F903 /* ViewController.swift */; };
		469FAA16201CF9C10068F903 /* Main.storyboard in Resources */ = {isa = PBXBuildFile; fileRef = 469FAA14201CF9C10068F903 /* Main.storyboard */; };
		469FAA19201CF9C10068F903 /* MobileChallenge.xcdatamodeld in Sources */ = {isa = PBXBuildFile; fileRef = 469FAA17201CF9C10068F903 /* MobileChallenge.xcdatamodeld */; };
		469FAA1B201CF9C10068F903 /* Assets.xcassets in Resources */ = {isa = PBXBuildFile; fileRef = 469FAA1A201CF9C10068F903 /* Assets.xcassets */; };
		469FAA1E201CF9C10068F903 /* LaunchScreen.storyboard in Resources */ = {isa = PBXBuildFile; fileRef = 469FAA1C201CF9C10068F903 /* LaunchScreen.storyboard */; };
		469FAA29201CF9C10068F903 /* MobileChallengeTests.swift in Sources */ = {isa = PBXBuildFile; fileRef = 469FAA28201CF9C10068F903 /* MobileChallengeTests.swift */; };
		469FAA34201CF9C10068F903 /* MobileChallengeUITests.swift in Sources */ = {isa = PBXBuildFile; fileRef = 469FAA33201CF9C10068F903 /* MobileChallengeUITests.swift */; };
/* End PBXBuildFile section */

/* Begin PBXContainerItemProxy section */
		469FAA25201CF9C10068F903 /* PBXContainerItemProxy */ = {
			isa = PBXContainerItemProxy;
			containerPortal = 469FAA05201CF9C00068F903 /* Project object */;
			proxyType = 1;
			remoteGlobalIDString = 469FAA0C201CF9C00068F903;
			remoteInfo = MobileChallenge;
		};
		469FAA30201CF9C10068F903 /* PBXContainerItemProxy */ = {
			isa = PBXContainerItemProxy;
			containerPortal = 469FAA05201CF9C00068F903 /* Project object */;
			proxyType = 1;
			remoteGlobalIDString = 469FAA0C201CF9C00068F903;
			remoteInfo = MobileChallenge;
		};
/* End PBXContainerItemProxy section */

/* Begin PBXFileReference section */
		469FAA0D201CF9C00068F903 /* MobileChallenge.app */ = {isa = PBXFileReference; explicitFileType = wrapper.application; includeInIndex = 0; path = MobileChallenge.app; sourceTree = BUILT_PRODUCTS_DIR; };
		469FAA10201CF9C10068F903 /* AppDelegate.swift */ = {isa = PBXFileReference; lastKnownFileType = sourcecode.swift; path = AppDelegate.swift; sourceTree = "<group>"; };
		469FAA12201CF9C10068F903 /* ViewController.swift */ = {isa = PBXFileReference; lastKnownFileType = sourcecode.swift; path = ViewController.swift; sourceTree = "<group>"; };
		469FAA15201CF9C10068F903 /* Base */ = {isa = PBXFileReference; lastKnownFileType = file.storyboard; name = Base; path = Base.lproj/Main.storyboard; sourceTree = "<group>"; };
		469FAA18201CF9C10068F903 /* MobileChallenge.xcdatamodel */ = {isa = PBXFileReference; lastKnownFileType = wrapper.xcdatamodel; path = MobileChallenge.xcdatamodel; sourceTree = "<group>"; };
		469FAA1A201CF9C10068F903 /* Assets.xcassets */ = {isa = PBXFileReference; lastKnownFileType = folder.assetcatalog; path = Assets.xcassets; sourceTree = "<group>"; };
		469FAA1D201CF9C10068F903 /* Base */ = {isa = PBXFileReference; lastKnownFileType = file.storyboard; name = Base; path = Base.lproj/LaunchScreen.storyboard; sourceTree = "<group>"; };
		469FAA1F201CF9C10068F903 /* Info.plist */ = {isa = PBXFileReference; lastKnownFileType = text.plist.xml; path = Info.plist; sourceTree = "<group>"; };
		469FAA24201CF9C10068F903 /* MobileChallengeTests.xctest */ = {isa = PBXFileReference; explicitFileType = wrapper.cfbundle; includeInIndex = 0; path = MobileChallengeTests.xctest; sourceTree = BUILT_PRODUCTS_DIR; };
		469FAA28201CF9C10068F903 /* MobileChallengeTests.swift */ = {isa = PBXFileReference; lastKnownFileType = sourcecode.swift; path = MobileChallengeTests.swift; sourceTree = "<group>"; };
		469FAA2A201CF9C10068F903 /* Info.plist */ = {isa = PBXFileReference; lastKnownFileType = text.plist.xml; path = Info.plist; sourceTree = "<group>"; };
		469FAA2F201CF9C10068F903 /* MobileChallengeUITests.xctest */ = {isa = PBXFileReference; explicitFileType = wrapper.cfbundle; includeInIndex = 0; path = MobileChallengeUITests.xctest; sourceTree = BUILT_PRODUCTS_DIR; };
		469FAA33201CF9C10068F903 /* MobileChallengeUITests.swift */ = {isa = PBXFileReference; lastKnownFileType = sourcecode.swift; path = MobileChallengeUITests.swift; sourceTree = "<group>"; };
		469FAA35201CF9C10068F903 /* Info.plist */ = {isa = PBXFileReference; lastKnownFileType = text.plist.xml; path = Info.plist; sourceTree = "<group>"; };
/* End PBXFileReference section */

/* Begin PBXFrameworksBuildPhase section */
		469FAA0A201CF9C00068F903 /* Frameworks */ = {
			isa = PBXFrameworksBuildPhase;
			buildActionMask = 2147483647;
			files = (
			);
			runOnlyForDeploymentPostprocessing = 0;
		};
		469FAA21201CF9C10068F903 /* Frameworks */ = {
			isa = PBXFrameworksBuildPhase;
			buildActionMask = 2147483647;
			files = (
			);
			runOnlyForDeploymentPostprocessing = 0;
		};
		469FAA2C201CF9C10068F903 /* Frameworks */ = {
			isa = PBXFrameworksBuildPhase;
			buildActionMask = 2147483647;
			files = (
			);
			runOnlyForDeploymentPostprocessing = 0;
		};
/* End PBXFrameworksBuildPhase section */

/* Begin PBXGroup section */
		469FAA04201CF9C00068F903 = {
			isa = PBXGroup;
			children = (
				469FAA0F201CF9C00068F903 /* MobileChallenge */,
				469FAA27201CF9C10068F903 /* MobileChallengeTests */,
				469FAA32201CF9C10068F903 /* MobileChallengeUITests */,
				469FAA0E201CF9C00068F903 /* Products */,
			);
			sourceTree = "<group>";
		};
		469FAA0E201CF9C00068F903 /* Products */ = {
			isa = PBXGroup;
			children = (
				469FAA0D201CF9C00068F903 /* MobileChallenge.app */,
				469FAA24201CF9C10068F903 /* MobileChallengeTests.xctest */,
				469FAA2F201CF9C10068F903 /* MobileChallengeUITests.xctest */,
			);
			name = Products;
			sourceTree = "<group>";
		};
		469FAA0F201CF9C00068F903 /* MobileChallenge */ = {
			isa = PBXGroup;
			children = (
				469FAA10201CF9C10068F903 /* AppDelegate.swift */,
				469FAA12201CF9C10068F903 /* ViewController.swift */,
				469FAA14201CF9C10068F903 /* Main.storyboard */,
				469FAA1A201CF9C10068F903 /* Assets.xcassets */,
				469FAA1C201CF9C10068F903 /* LaunchScreen.storyboard */,
				469FAA1F201CF9C10068F903 /* Info.plist */,
				469FAA17201CF9C10068F903 /* MobileChallenge.xcdatamodeld */,
			);
			path = MobileChallenge;
			sourceTree = "<group>";
		};
		469FAA27201CF9C10068F903 /* MobileChallengeTests */ = {
			isa = PBXGroup;
			children = (
				469FAA28201CF9C10068F903 /* MobileChallengeTests.swift */,
				469FAA2A201CF9C10068F903 /* Info.plist */,
			);
			path = MobileChallengeTests;
			sourceTree = "<group>";
		};
		469FAA32201CF9C10068F903 /* MobileChallengeUITests */ = {
			isa = PBXGroup;
			children = (
				469FAA33201CF9C10068F903 /* MobileChallengeUITests.swift */,
				469FAA35201CF9C10068F903 /* Info.plist */,
			);
			path = MobileChallengeUITests;
			sourceTree = "<group>";
		};
/* End PBXGroup section */

/* Begin PBXNativeTarget section */
		469FAA0C201CF9C00068F903 /* MobileChallenge */ = {
			isa = PBXNativeTarget;
			buildConfigurationList = 469FAA38201CF9C10068F903 /* Build configuration list for PBXNativeTarget "MobileChallenge" */;
			buildPhases = (
				469FAA09201CF9C00068F903 /* Sources */,
				469FAA0A201CF9C00068F903 /* Frameworks */,
				469FAA0B201CF9C00068F903 /* Resources */,
			);
			buildRules = (
			);
			dependencies = (
			);
			name = MobileChallenge;
			productName = MobileChallenge;
			productReference = 469FAA0D201CF9C00068F903 /* MobileChallenge.app */;
			productType = "com.apple.product-type.application";
		};
		469FAA23201CF9C10068F903 /* MobileChallengeTests */ = {
			isa = PBXNativeTarget;
			buildConfigurationList = 469FAA3B201CF9C10068F903 /* Build configuration list for PBXNativeTarget "MobileChallengeTests" */;
			buildPhases = (
				469FAA20201CF9C10068F903 /* Sources */,
				469FAA21201CF9C10068F903 /* Frameworks */,
				469FAA22201CF9C10068F903 /* Resources */,
			);
			buildRules = (
			);
			dependencies = (
				469FAA26201CF9C10068F903 /* PBXTargetDependency */,
			);
			name = MobileChallengeTests;
			productName = MobileChallengeTests;
			productReference = 469FAA24201CF9C10068F903 /* MobileChallengeTests.xctest */;
			productType = "com.apple.product-type.bundle.unit-test";
		};
		469FAA2E201CF9C10068F903 /* MobileChallengeUITests */ = {
			isa = PBXNativeTarget;
			buildConfigurationList = 469FAA3E201CF9C10068F903 /* Build configuration list for PBXNativeTarget "MobileChallengeUITests" */;
			buildPhases = (
				469FAA2B201CF9C10068F903 /* Sources */,
				469FAA2C201CF9C10068F903 /* Frameworks */,
				469FAA2D201CF9C10068F903 /* Resources */,
			);
			buildRules = (
			);
			dependencies = (
				469FAA31201CF9C10068F903 /* PBXTargetDependency */,
			);
			name = MobileChallengeUITests;
			productName = MobileChallengeUITests;
			productReference = 469FAA2F201CF9C10068F903 /* MobileChallengeUITests.xctest */;
			productType = "com.apple.product-type.bundle.ui-testing";
		};
/* End PBXNativeTarget section */

/* Begin PBXProject section */
		469FAA05201CF9C00068F903 /* Project object */ = {
			isa = PBXProject;
			attributes = {
				LastSwiftUpdateCheck = 0920;
				LastUpgradeCheck = 0920;
				ORGANIZATIONNAME = stan;
				TargetAttributes = {
					469FAA0C201CF9C00068F903 = {
						CreatedOnToolsVersion = 9.2;
						ProvisioningStyle = Automatic;
					};
					469FAA23201CF9C10068F903 = {
						CreatedOnToolsVersion = 9.2;
						ProvisioningStyle = Automatic;
						TestTargetID = 469FAA0C201CF9C00068F903;
					};
					469FAA2E201CF9C10068F903 = {
						CreatedOnToolsVersion = 9.2;
						ProvisioningStyle = Automatic;
						TestTargetID = 469FAA0C201CF9C00068F903;
					};
				};
			};
			buildConfigurationList = 469FAA08201CF9C00068F903 /* Build configuration list for PBXProject "MobileChallenge" */;
			compatibilityVersion = "Xcode 8.0";
			developmentRegion = en;
			hasScannedForEncodings = 0;
			knownRegions = (
				en,
				Base,
			);
			mainGroup = 469FAA04201CF9C00068F903;
			productRefGroup = 469FAA0E201CF9C00068F903 /* Products */;
			projectDirPath = "";
			projectRoot = "";
			targets = (
				469FAA0C201CF9C00068F903 /* MobileChallenge */,
				469FAA23201CF9C10068F903 /* MobileChallengeTests */,
				469FAA2E201CF9C10068F903 /* MobileChallengeUITests */,
			);
		};
/* End PBXProject section */

/* Begin PBXResourcesBuildPhase section */
		469FAA0B201CF9C00068F903 /* Resources */ = {
			isa = PBXResourcesBuildPhase;
			buildActionMask = 2147483647;
			files = (
				469FAA1E201CF9C10068F903 /* LaunchScreen.storyboard in Resources */,
				469FAA1B201CF9C10068F903 /* Assets.xcassets in Resources */,
				469FAA16201CF9C10068F903 /* Main.storyboard in Resources */,
			);
			runOnlyForDeploymentPostprocessing = 0;
		};
		469FAA22201CF9C10068F903 /* Resources */ = {
			isa = PBXResourcesBuildPhase;
			buildActionMask = 2147483647;
			files = (
			);
			runOnlyForDeploymentPostprocessing = 0;
		};
		469FAA2D201CF9C10068F903 /* Resources */ = {
			isa = PBXResourcesBuildPhase;
			buildActionMask = 2147483647;
			files = (
			);
			runOnlyForDeploymentPostprocessing = 0;
		};
/* End PBXResourcesBuildPhase section */

/* Begin PBXSourcesBuildPhase section */
		469FAA09201CF9C00068F903 /* Sources */ = {
			isa = PBXSourcesBuildPhase;
			buildActionMask = 2147483647;
			files = (
				469FAA19201CF9C10068F903 /* MobileChallenge.xcdatamodeld in Sources */,
				469FAA13201CF9C10068F903 /* ViewController.swift in Sources */,
				469FAA11201CF9C10068F903 /* AppDelegate.swift in Sources */,
			);
			runOnlyForDeploymentPostprocessing = 0;
		};
		469FAA20201CF9C10068F903 /* Sources */ = {
			isa = PBXSourcesBuildPhase;
			buildActionMask = 2147483647;
			files = (
				469FAA29201CF9C10068F903 /* MobileChallengeTests.swift in Sources */,
			);
			runOnlyForDeploymentPostprocessing = 0;
		};
		469FAA2B201CF9C10068F903 /* Sources */ = {
			isa = PBXSourcesBuildPhase;
			buildActionMask = 2147483647;
			files = (
				469FAA34201CF9C10068F903 /* MobileChallengeUITests.swift in Sources */,
			);
			runOnlyForDeploymentPostprocessing = 0;
		};
/* End PBXSourcesBuildPhase section */

/* Begin PBXTargetDependency section */
		469FAA26201CF9C10068F903 /* PBXTargetDependency */ = {
			isa = PBXTargetDependency;
			target = 469FAA0C201CF9C00068F903 /* MobileChallenge */;
			targetProxy = 469FAA25201CF9C10068F903 /* PBXContainerItemProxy */;
		};
		469FAA31201CF9C10068F903 /* PBXTargetDependency */ = {
			isa = PBXTargetDependency;
			target = 469FAA0C201CF9C00068F903 /* MobileChallenge */;
			targetProxy = 469FAA30201CF9C10068F903 /* PBXContainerItemProxy */;
		};
/* End PBXTargetDependency section */

/* Begin PBXVariantGroup section */
		469FAA14201CF9C10068F903 /* Main.storyboard */ = {
			isa = PBXVariantGroup;
			children = (
				469FAA15201CF9C10068F903 /* Base */,
			);
			name = Main.storyboard;
			sourceTree = "<group>";
		};
		469FAA1C201CF9C10068F903 /* LaunchScreen.storyboard */ = {
			isa = PBXVariantGroup;
			children = (
				469FAA1D201CF9C10068F903 /* Base */,
			);
			name = LaunchScreen.storyboard;
			sourceTree = "<group>";
		};
/* End PBXVariantGroup section */

/* Begin XCBuildConfiguration section */
		469FAA36201CF9C10068F903 /* Debug */ = {
			isa = XCBuildConfiguration;
			buildSettings = {
				ALWAYS_SEARCH_USER_PATHS = NO;
				CLANG_ANALYZER_NONNULL = YES;
				CLANG_ANALYZER_NUMBER_OBJECT_CONVERSION = YES_AGGRESSIVE;
				CLANG_CXX_LANGUAGE_STANDARD = "gnu++14";
				CLANG_CXX_LIBRARY = "libc++";
				CLANG_ENABLE_MODULES = YES;
				CLANG_ENABLE_OBJC_ARC = YES;
				CLANG_WARN_BLOCK_CAPTURE_AUTORELEASING = YES;
				CLANG_WARN_BOOL_CONVERSION = YES;
				CLANG_WARN_COMMA = YES;
				CLANG_WARN_CONSTANT_CONVERSION = YES;
				CLANG_WARN_DIRECT_OBJC_ISA_USAGE = YES_ERROR;
				CLANG_WARN_DOCUMENTATION_COMMENTS = YES;
				CLANG_WARN_EMPTY_BODY = YES;
				CLANG_WARN_ENUM_CONVERSION = YES;
				CLANG_WARN_INFINITE_RECURSION = YES;
				CLANG_WARN_INT_CONVERSION = YES;
				CLANG_WARN_NON_LITERAL_NULL_CONVERSION = YES;
				CLANG_WARN_OBJC_LITERAL_CONVERSION = YES;
				CLANG_WARN_OBJC_ROOT_CLASS = YES_ERROR;
				CLANG_WARN_RANGE_LOOP_ANALYSIS = YES;
				CLANG_WARN_STRICT_PROTOTYPES = YES;
				CLANG_WARN_SUSPICIOUS_MOVE = YES;
				CLANG_WARN_UNGUARDED_AVAILABILITY = YES_AGGRESSIVE;
				CLANG_WARN_UNREACHABLE_CODE = YES;
				CLANG_WARN__DUPLICATE_METHOD_MATCH = YES;
				CODE_SIGN_IDENTITY = "iPhone Developer";
				COPY_PHASE_STRIP = NO;
				DEBUG_INFORMATION_FORMAT = dwarf;
				ENABLE_STRICT_OBJC_MSGSEND = YES;
				ENABLE_TESTABILITY = YES;
				GCC_C_LANGUAGE_STANDARD = gnu11;
				GCC_DYNAMIC_NO_PIC = NO;
				GCC_NO_COMMON_BLOCKS = YES;
				GCC_OPTIMIZATION_LEVEL = 0;
				GCC_PREPROCESSOR_DEFINITIONS = (
					"DEBUG=1",
					"$(inherited)",
				);
				GCC_WARN_64_TO_32_BIT_CONVERSION = YES;
				GCC_WARN_ABOUT_RETURN_TYPE = YES_ERROR;
				GCC_WARN_UNDECLARED_SELECTOR = YES;
				GCC_WARN_UNINITIALIZED_AUTOS = YES_AGGRESSIVE;
				GCC_WARN_UNUSED_FUNCTION = YES;
				GCC_WARN_UNUSED_VARIABLE = YES;
				IPHONEOS_DEPLOYMENT_TARGET = 11.2;
				MTL_ENABLE_DEBUG_INFO = YES;
				ONLY_ACTIVE_ARCH = YES;
				SDKROOT = iphoneos;
				SWIFT_ACTIVE_COMPILATION_CONDITIONS = DEBUG;
				SWIFT_OPTIMIZATION_LEVEL = "-Onone";
			};
			name = Debug;
		};
		469FAA37201CF9C10068F903 /* Release */ = {
			isa = XCBuildConfiguration;
			buildSettings = {
				ALWAYS_SEARCH_USER_PATHS = NO;
				CLANG_ANALYZER_NONNULL = YES;
				CLANG_ANALYZER_NUMBER_OBJECT_CONVERSION = YES_AGGRESSIVE;
				CLANG_CXX_LANGUAGE_STANDARD = "gnu++14";
				CLANG_CXX_LIBRARY = "libc++";
				CLANG_ENABLE_MODULES = YES;
				CLANG_ENABLE_OBJC_ARC = YES;
				CLANG_WARN_BLOCK_CAPTURE_AUTORELEASING = YES;
				CLANG_WARN_BOOL_CONVERSION = YES;
				CLANG_WARN_COMMA = YES;
				CLANG_WARN_CONSTANT_CONVERSION = YES;
				CLANG_WARN_DIRECT_OBJC_ISA_USAGE = YES_ERROR;
				CLANG_WARN_DOCUMENTATION_COMMENTS = YES;
				CLANG_WARN_EMPTY_BODY = YES;
				CLANG_WARN_ENUM_CONVERSION = YES;
				CLANG_WARN_INFINITE_RECURSION = YES;
				CLANG_WARN_INT_CONVERSION = YES;
				CLANG_WARN_NON_LITERAL_NULL_CONVERSION = YES;
				CLANG_WARN_OBJC_LITERAL_CONVERSION = YES;
				CLANG_WARN_OBJC_ROOT_CLASS = YES_ERROR;
				CLANG_WARN_RANGE_LOOP_ANALYSIS = YES;
				CLANG_WARN_STRICT_PROTOTYPES = YES;
				CLANG_WARN_SUSPICIOUS_MOVE = YES;
				CLANG_WARN_UNGUARDED_AVAILABILITY = YES_AGGRESSIVE;
				CLANG_WARN_UNREACHABLE_CODE = YES;
				CLANG_WARN__DUPLICATE_METHOD_MATCH = YES;
				CODE_SIGN_IDENTITY = "iPhone Developer";
				COPY_PHASE_STRIP = NO;
				DEBUG_INFORMATION_FORMAT = "dwarf-with-dsym";
				ENABLE_NS_ASSERTIONS = NO;
				ENABLE_STRICT_OBJC_MSGSEND = YES;
				GCC_C_LANGUAGE_STANDARD = gnu11;
				GCC_NO_COMMON_BLOCKS = YES;
				GCC_WARN_64_TO_32_BIT_CONVERSION = YES;
				GCC_WARN_ABOUT_RETURN_TYPE = YES_ERROR;
				GCC_WARN_UNDECLARED_SELECTOR = YES;
				GCC_WARN_UNINITIALIZED_AUTOS = YES_AGGRESSIVE;
				GCC_WARN_UNUSED_FUNCTION = YES;
				GCC_WARN_UNUSED_VARIABLE = YES;
				IPHONEOS_DEPLOYMENT_TARGET = 11.2;
				MTL_ENABLE_DEBUG_INFO = NO;
				SDKROOT = iphoneos;
				SWIFT_OPTIMIZATION_LEVEL = "-Owholemodule";
				VALIDATE_PRODUCT = YES;
			};
			name = Release;
		};
		469FAA39201CF9C10068F903 /* Debug */ = {
			isa = XCBuildConfiguration;
			buildSettings = {
				ASSETCATALOG_COMPILER_APPICON_NAME = AppIcon;
				CODE_SIGN_STYLE = Automatic;
				DEVELOPMENT_TEAM = YH8GHTGE4A;
				INFOPLIST_FILE = MobileChallenge/Info.plist;
				LD_RUNPATH_SEARCH_PATHS = "$(inherited) @executable_path/Frameworks";
				PRODUCT_BUNDLE_IDENTIFIER = stan.MobileChallenge;
				PRODUCT_NAME = "$(TARGET_NAME)";
				SWIFT_VERSION = 4.0;
				TARGETED_DEVICE_FAMILY = "1,2";
			};
			name = Debug;
		};
		469FAA3A201CF9C10068F903 /* Release */ = {
			isa = XCBuildConfiguration;
			buildSettings = {
				ASSETCATALOG_COMPILER_APPICON_NAME = AppIcon;
				CODE_SIGN_STYLE = Automatic;
				DEVELOPMENT_TEAM = YH8GHTGE4A;
				INFOPLIST_FILE = MobileChallenge/Info.plist;
				LD_RUNPATH_SEARCH_PATHS = "$(inherited) @executable_path/Frameworks";
				PRODUCT_BUNDLE_IDENTIFIER = stan.MobileChallenge;
				PRODUCT_NAME = "$(TARGET_NAME)";
				SWIFT_VERSION = 4.0;
				TARGETED_DEVICE_FAMILY = "1,2";
			};
			name = Release;
		};
		469FAA3C201CF9C10068F903 /* Debug */ = {
			isa = XCBuildConfiguration;
			buildSettings = {
				ALWAYS_EMBED_SWIFT_STANDARD_LIBRARIES = YES;
				BUNDLE_LOADER = "$(TEST_HOST)";
				CODE_SIGN_STYLE = Automatic;
				DEVELOPMENT_TEAM = YH8GHTGE4A;
				INFOPLIST_FILE = MobileChallengeTests/Info.plist;
				LD_RUNPATH_SEARCH_PATHS = "$(inherited) @executable_path/Frameworks @loader_path/Frameworks";
				PRODUCT_BUNDLE_IDENTIFIER = stan.MobileChallengeTests;
				PRODUCT_NAME = "$(TARGET_NAME)";
				SWIFT_VERSION = 4.0;
				TARGETED_DEVICE_FAMILY = "1,2";
				TEST_HOST = "$(BUILT_PRODUCTS_DIR)/MobileChallenge.app/MobileChallenge";
			};
			name = Debug;
		};
		469FAA3D201CF9C10068F903 /* Release */ = {
			isa = XCBuildConfiguration;
			buildSettings = {
				ALWAYS_EMBED_SWIFT_STANDARD_LIBRARIES = YES;
				BUNDLE_LOADER = "$(TEST_HOST)";
				CODE_SIGN_STYLE = Automatic;
				DEVELOPMENT_TEAM = YH8GHTGE4A;
				INFOPLIST_FILE = MobileChallengeTests/Info.plist;
				LD_RUNPATH_SEARCH_PATHS = "$(inherited) @executable_path/Frameworks @loader_path/Frameworks";
				PRODUCT_BUNDLE_IDENTIFIER = stan.MobileChallengeTests;
				PRODUCT_NAME = "$(TARGET_NAME)";
				SWIFT_VERSION = 4.0;
				TARGETED_DEVICE_FAMILY = "1,2";
				TEST_HOST = "$(BUILT_PRODUCTS_DIR)/MobileChallenge.app/MobileChallenge";
			};
			name = Release;
		};
		469FAA3F201CF9C10068F903 /* Debug */ = {
			isa = XCBuildConfiguration;
			buildSettings = {
				ALWAYS_EMBED_SWIFT_STANDARD_LIBRARIES = YES;
				CODE_SIGN_STYLE = Automatic;
				DEVELOPMENT_TEAM = YH8GHTGE4A;
				INFOPLIST_FILE = MobileChallengeUITests/Info.plist;
				LD_RUNPATH_SEARCH_PATHS = "$(inherited) @executable_path/Frameworks @loader_path/Frameworks";
				PRODUCT_BUNDLE_IDENTIFIER = stan.MobileChallengeUITests;
				PRODUCT_NAME = "$(TARGET_NAME)";
				SWIFT_VERSION = 4.0;
				TARGETED_DEVICE_FAMILY = "1,2";
				TEST_TARGET_NAME = MobileChallenge;
			};
			name = Debug;
		};
		469FAA40201CF9C10068F903 /* Release */ = {
			isa = XCBuildConfiguration;
			buildSettings = {
				ALWAYS_EMBED_SWIFT_STANDARD_LIBRARIES = YES;
				CODE_SIGN_STYLE = Automatic;
				DEVELOPMENT_TEAM = YH8GHTGE4A;
				INFOPLIST_FILE = MobileChallengeUITests/Info.plist;
				LD_RUNPATH_SEARCH_PATHS = "$(inherited) @executable_path/Frameworks @loader_path/Frameworks";
				PRODUCT_BUNDLE_IDENTIFIER = stan.MobileChallengeUITests;
				PRODUCT_NAME = "$(TARGET_NAME)";
				SWIFT_VERSION = 4.0;
				TARGETED_DEVICE_FAMILY = "1,2";
				TEST_TARGET_NAME = MobileChallenge;
			};
			name = Release;
		};
/* End XCBuildConfiguration section */

/* Begin XCConfigurationList section */
		469FAA08201CF9C00068F903 /* Build configuration list for PBXProject "MobileChallenge" */ = {
			isa = XCConfigurationList;
			buildConfigurations = (
				469FAA36201CF9C10068F903 /* Debug */,
				469FAA37201CF9C10068F903 /* Release */,
			);
			defaultConfigurationIsVisible = 0;
			defaultConfigurationName = Release;
		};
		469FAA38201CF9C10068F903 /* Build configuration list for PBXNativeTarget "MobileChallenge" */ = {
			isa = XCConfigurationList;
			buildConfigurations = (
				469FAA39201CF9C10068F903 /* Debug */,
				469FAA3A201CF9C10068F903 /* Release */,
			);
			defaultConfigurationIsVisible = 0;
			defaultConfigurationName = Release;
		};
		469FAA3B201CF9C10068F903 /* Build configuration list for PBXNativeTarget "MobileChallengeTests" */ = {
			isa = XCConfigurationList;
			buildConfigurations = (
				469FAA3C201CF9C10068F903 /* Debug */,
				469FAA3D201CF9C10068F903 /* Release */,
			);
			defaultConfigurationIsVisible = 0;
			defaultConfigurationName = Release;
		};
		469FAA3E201CF9C10068F903 /* Build configuration list for PBXNativeTarget "MobileChallengeUITests" */ = {
			isa = XCConfigurationList;
			buildConfigurations = (
				469FAA3F201CF9C10068F903 /* Debug */,
				469FAA40201CF9C10068F903 /* Release */,
			);
			defaultConfigurationIsVisible = 0;
			defaultConfigurationName = Release;
		};
/* End XCConfigurationList section */

/* Begin XCVersionGroup section */
		469FAA17201CF9C10068F903 /* MobileChallenge.xcdatamodeld */ = {
			isa = XCVersionGroup;
			children = (
				469FAA18201CF9C10068F903 /* MobileChallenge.xcdatamodel */,
			);
			currentVersion = 469FAA18201CF9C10068F903 /* MobileChallenge.xcdatamodel */;
			path = MobileChallenge.xcdatamodeld;
			sourceTree = "<group>";
			versionGroupType = wrapper.xcdatamodel;
		};
/* End XCVersionGroup section */
	};
	rootObject = 469FAA05201CF9C00068F903 /* Project object */;
}
